
Microsoft Visual Studio Solution File, Format Version 12.00
# Visual Studio Version 16
VisualStudioVersion = 16.0.28922.388
MinimumVisualStudioVersion = 10.0.40219.1
Project("{FAE04EC0-301F-11D3-BF4B-00C04F79EFBC}") = "ServidorSocket", "ServidorSocket\ServidorSocket.csproj", "{74B61B17-D4BC-4484-8116-0F805F5DB432}"
EndProject
Global
	GlobalSection(SolutionConfigurationPlatforms) = preSolution
		Debug|Any CPU = Debug|Any CPU
		Release|Any CPU = Release|Any CPU
	EndGlobalSection
	GlobalSection(ProjectConfigurationPlatforms) = postSolution
		{74B61B17-D4BC-4484-8116-0F805F5DB432}.Debug|Any CPU.ActiveCfg = Debug|Any CPU
		{74B61B17-D4BC-4484-8116-0F805F5DB432}.Debug|Any CPU.Build.0 = Debug|Any CPU
		{74B61B17-D4BC-4484-8116-0F805F5DB432}.Release|Any CPU.ActiveCfg = Release|Any CPU
		{74B61B17-D4BC-4484-8116-0F805F5DB432}.Release|Any CPU.Build.0 = Release|Any CPU
	EndGlobalSection
	GlobalSection(SolutionProperties) = preSolution
		HideSolutionNode = FALSE
	EndGlobalSection
	GlobalSection(ExtensibilityGlobals) = postSolution
		SolutionGuid = {5CD7C6A5-A316-417E-A2A8-259D0D81F0BF}
	EndGlobalSection
EndGlobal
